
Microsoft Visual Studio Solution File, Format Version 12.00
# Visual Studio Version 16
VisualStudioVersion = 16.0.29215.179
MinimumVisualStudioVersion = 10.0.40219.1
Project("{8BC9CEB8-8B4A-11D0-8D11-00A0C91BC942}") = "ROAD_FIGHTER", "ROAD_FIGHTER.vcxproj", "{10C06484-58F8-48C4-8D68-59EEC95D7B2B}"
EndProject
Global
	GlobalSection(SolutionConfigurationPlatforms) = preSolution
		Debug|x64 = Debug|x64
		Debug|x86 = Debug|x86
		Release|x64 = Release|x64
		Release|x86 = Release|x86
	EndGlobalSection
	GlobalSection(ProjectConfigurationPlatforms) = postSolution
		{10C06484-58F8-48C4-8D68-59EEC95D7B2B}.Debug|x64.ActiveCfg = Debug|x64
		{10C06484-58F8-48C4-8D68-59EEC95D7B2B}.Debug|x64.Build.0 = Debug|x64
		{10C06484-58F8-48C4-8D68-59EEC95D7B2B}.Debug|x86.ActiveCfg = Debug|Win32
		{10C06484-58F8-48C4-8D68-59EEC95D7B2B}.Debug|x86.Build.0 = Debug|Win32
		{10C06484-58F8-48C4-8D68-59EEC95D7B2B}.Release|x64.ActiveCfg = Release|x64
		{10C06484-58F8-48C4-8D68-59EEC95D7B2B}.Release|x64.Build.0 = Release|x64
		{10C06484-58F8-48C4-8D68-59EEC95D7B2B}.Release|x86.ActiveCfg = Release|Win32
		{10C06484-58F8-48C4-8D68-59EEC95D7B2B}.Release|x86.Build.0 = Release|Win32
	EndGlobalSection
	GlobalSection(SolutionProperties) = preSolution
		HideSolutionNode = FALSE
	EndGlobalSection
	GlobalSection(ExtensibilityGlobals) = postSolution
		SolutionGuid = {79468F67-E57D-467C-82C0-1242E882D917}
	EndGlobalSection
EndGlobal
